
Microsoft Visual Studio Solution File, Format Version 12.00
# Visual Studio Version 16
VisualStudioVersion = 16.0.31129.286
MinimumVisualStudioVersion = 10.0.40219.1
Project("{FAE04EC0-301F-11D3-BF4B-00C04F79EFBC}") = "用户客户端2.2", "用户客户端2.2.csproj", "{0F03406E-316A-4913-B83A-9C024643F3D8}"
EndProject
Global
	GlobalSection(SolutionConfigurationPlatforms) = preSolution
		Debug|Any CPU = Debug|Any CPU
		Release|Any CPU = Release|Any CPU
	EndGlobalSection
	GlobalSection(ProjectConfigurationPlatforms) = postSolution
		{0F03406E-316A-4913-B83A-9C024643F3D8}.Debug|Any CPU.ActiveCfg = Debug|Any CPU
		{0F03406E-316A-4913-B83A-9C024643F3D8}.Debug|Any CPU.Build.0 = Debug|Any CPU
		{0F03406E-316A-4913-B83A-9C024643F3D8}.Release|Any CPU.ActiveCfg = Release|Any CPU
		{0F03406E-316A-4913-B83A-9C024643F3D8}.Release|Any CPU.Build.0 = Release|Any CPU
	EndGlobalSection
	GlobalSection(SolutionProperties) = preSolution
		HideSolutionNode = FALSE
	EndGlobalSection
	GlobalSection(ExtensibilityGlobals) = postSolution
		SolutionGuid = {CCDC1DA0-4A8F-4BE9-8F99-D39B268AC007}
	EndGlobalSection
EndGlobal
